
Microsoft Visual Studio Solution File, Format Version 12.00
# Visual Studio Version 17
VisualStudioVersion = 17.9.34607.119
MinimumVisualStudioVersion = 10.0.40219.1
Project("{FAE04EC0-301F-11D3-BF4B-00C04F79EFBC}") = "MVCNedir", "MVCNedir\MVCNedir.csproj", "{1809A1BC-14C8-4856-8F09-559B273454EC}"
EndProject
Global
	GlobalSection(SolutionConfigurationPlatforms) = preSolution
		Debug|Any CPU = Debug|Any CPU
		Release|Any CPU = Release|Any CPU
	EndGlobalSection
	GlobalSection(ProjectConfigurationPlatforms) = postSolution
		{1809A1BC-14C8-4856-8F09-559B273454EC}.Debug|Any CPU.ActiveCfg = Debug|Any CPU
		{1809A1BC-14C8-4856-8F09-559B273454EC}.Debug|Any CPU.Build.0 = Debug|Any CPU
		{1809A1BC-14C8-4856-8F09-559B273454EC}.Release|Any CPU.ActiveCfg = Release|Any CPU
		{1809A1BC-14C8-4856-8F09-559B273454EC}.Release|Any CPU.Build.0 = Release|Any CPU
	EndGlobalSection
	GlobalSection(SolutionProperties) = preSolution
		HideSolutionNode = FALSE
	EndGlobalSection
	GlobalSection(ExtensibilityGlobals) = postSolution
		SolutionGuid = {8DF8F659-4236-4B50-89EC-8B6679BD1046}
	EndGlobalSection
EndGlobal
